// !$*UTF8*$!
{
	archiveVersion = 1;
	classes = {
	};
	objectVersion = 50;
	objects = {

/* Begin PBXBuildFile section */
		1B8452B226DF67B5003062D1 /* arabicApp.swift in Sources */ = {isa = PBXBuildFile; fileRef = 1B8452B126DF67B5003062D1 /* arabicApp.swift */; };
		1B8452B426DF67B5003062D1 /* ContentView.swift in Sources */ = {isa = PBXBuildFile; fileRef = 1B8452B326DF67B5003062D1 /* ContentView.swift */; };
		1B8452B626DF67B7003062D1 /* Assets.xcassets in Resources */ = {isa = PBXBuildFile; fileRef = 1B8452B526DF67B7003062D1 /* Assets.xcassets */; };
		1B8452B926DF67B7003062D1 /* Preview Assets.xcassets in Resources */ = {isa = PBXBuildFile; fileRef = 1B8452B826DF67B7003062D1 /* Preview Assets.xcassets */; };
		1B8452C126DF687A003062D1 /* VocabItem.swift in Sources */ = {isa = PBXBuildFile; fileRef = 1B8452C026DF687A003062D1 /* VocabItem.swift */; };
		1B8452C326DF693F003062D1 /* WordDB.swift in Sources */ = {isa = PBXBuildFile; fileRef = 1B8452C226DF693F003062D1 /* WordDB.swift */; };
		1B8452C526DF6FD7003062D1 /* AddWordView.swift in Sources */ = {isa = PBXBuildFile; fileRef = 1B8452C426DF6FD7003062D1 /* AddWordView.swift */; };
/* End PBXBuildFile section */

/* Begin PBXFileReference section */
		1B8452AE26DF67B5003062D1 /* arabic.app */ = {isa = PBXFileReference; explicitFileType = wrapper.application; includeInIndex = 0; path = arabic.app; sourceTree = BUILT_PRODUCTS_DIR; };
		1B8452B126DF67B5003062D1 /* arabicApp.swift */ = {isa = PBXFileReference; lastKnownFileType = sourcecode.swift; path = arabicApp.swift; sourceTree = "<group>"; };
		1B8452B326DF67B5003062D1 /* ContentView.swift */ = {isa = PBXFileReference; lastKnownFileType = sourcecode.swift; path = ContentView.swift; sourceTree = "<group>"; };
		1B8452B526DF67B7003062D1 /* Assets.xcassets */ = {isa = PBXFileReference; lastKnownFileType = folder.assetcatalog; path = Assets.xcassets; sourceTree = "<group>"; };
		1B8452B826DF67B7003062D1 /* Preview Assets.xcassets */ = {isa = PBXFileReference; lastKnownFileType = folder.assetcatalog; path = "Preview Assets.xcassets"; sourceTree = "<group>"; };
		1B8452BA26DF67B7003062D1 /* Info.plist */ = {isa = PBXFileReference; lastKnownFileType = text.plist.xml; path = Info.plist; sourceTree = "<group>"; };
		1B8452C026DF687A003062D1 /* VocabItem.swift */ = {isa = PBXFileReference; lastKnownFileType = sourcecode.swift; path = VocabItem.swift; sourceTree = "<group>"; };
		1B8452C226DF693F003062D1 /* WordDB.swift */ = {isa = PBXFileReference; lastKnownFileType = sourcecode.swift; path = WordDB.swift; sourceTree = "<group>"; };
		1B8452C426DF6FD7003062D1 /* AddWordView.swift */ = {isa = PBXFileReference; lastKnownFileType = sourcecode.swift; path = AddWordView.swift; sourceTree = "<group>"; };
/* End PBXFileReference section */

/* Begin PBXFrameworksBuildPhase section */
		1B8452AB26DF67B5003062D1 /* Frameworks */ = {
			isa = PBXFrameworksBuildPhase;
			buildActionMask = 2147483647;
			files = (
			);
			runOnlyForDeploymentPostprocessing = 0;
		};
/* End PBXFrameworksBuildPhase section */

/* Begin PBXGroup section */
		1B8452A526DF67B5003062D1 = {
			isa = PBXGroup;
			children = (
				1B8452B026DF67B5003062D1 /* arabic */,
				1B8452AF26DF67B5003062D1 /* Products */,
			);
			sourceTree = "<group>";
		};
		1B8452AF26DF67B5003062D1 /* Products */ = {
			isa = PBXGroup;
			children = (
				1B8452AE26DF67B5003062D1 /* arabic.app */,
			);
			name = Products;
			sourceTree = "<group>";
		};
		1B8452B026DF67B5003062D1 /* arabic */ = {
			isa = PBXGroup;
			children = (
				1B8452B126DF67B5003062D1 /* arabicApp.swift */,
				1B8452B326DF67B5003062D1 /* ContentView.swift */,
				1B8452C426DF6FD7003062D1 /* AddWordView.swift */,
				1B8452C226DF693F003062D1 /* WordDB.swift */,
				1B8452C026DF687A003062D1 /* VocabItem.swift */,
				1B8452B526DF67B7003062D1 /* Assets.xcassets */,
				1B8452BA26DF67B7003062D1 /* Info.plist */,
				1B8452B726DF67B7003062D1 /* Preview Content */,
			);
			path = arabic;
			sourceTree = "<group>";
		};
		1B8452B726DF67B7003062D1 /* Preview Content */ = {
			isa = PBXGroup;
			children = (
				1B8452B826DF67B7003062D1 /* Preview Assets.xcassets */,
			);
			path = "Preview Content";
			sourceTree = "<group>";
		};
/* End PBXGroup section */

/* Begin PBXNativeTarget section */
		1B8452AD26DF67B5003062D1 /* arabic */ = {
			isa = PBXNativeTarget;
			buildConfigurationList = 1B8452BD26DF67B7003062D1 /* Build configuration list for PBXNativeTarget "arabic" */;
			buildPhases = (
				1B8452AA26DF67B5003062D1 /* Sources */,
				1B8452AB26DF67B5003062D1 /* Frameworks */,
				1B8452AC26DF67B5003062D1 /* Resources */,
			);
			buildRules = (
			);
			dependencies = (
			);
			name = arabic;
			productName = arabic;
			productReference = 1B8452AE26DF67B5003062D1 /* arabic.app */;
			productType = "com.apple.product-type.application";
		};
/* End PBXNativeTarget section */

/* Begin PBXProject section */
		1B8452A626DF67B5003062D1 /* Project object */ = {
			isa = PBXProject;
			attributes = {
				LastSwiftUpdateCheck = 1250;
				LastUpgradeCheck = 1250;
				TargetAttributes = {
					1B8452AD26DF67B5003062D1 = {
						CreatedOnToolsVersion = 12.5.1;
					};
				};
			};
			buildConfigurationList = 1B8452A926DF67B5003062D1 /* Build configuration list for PBXProject "arabic" */;
			compatibilityVersion = "Xcode 9.3";
			developmentRegion = en;
			hasScannedForEncodings = 0;
			knownRegions = (
				en,
				Base,
			);
			mainGroup = 1B8452A526DF67B5003062D1;
			productRefGroup = 1B8452AF26DF67B5003062D1 /* Products */;
			projectDirPath = "";
			projectRoot = "";
			targets = (
				1B8452AD26DF67B5003062D1 /* arabic */,
			);
		};
/* End PBXProject section */

/* Begin PBXResourcesBuildPhase section */
		1B8452AC26DF67B5003062D1 /* Resources */ = {
			isa = PBXResourcesBuildPhase;
			buildActionMask = 2147483647;
			files = (
				1B8452B926DF67B7003062D1 /* Preview Assets.xcassets in Resources */,
				1B8452B626DF67B7003062D1 /* Assets.xcassets in Resources */,
			);
			runOnlyForDeploymentPostprocessing = 0;
		};
/* End PBXResourcesBuildPhase section */

/* Begin PBXSourcesBuildPhase section */
		1B8452AA26DF67B5003062D1 /* Sources */ = {
			isa = PBXSourcesBuildPhase;
			buildActionMask = 2147483647;
			files = (
				1B8452C126DF687A003062D1 /* VocabItem.swift in Sources */,
				1B8452C326DF693F003062D1 /* WordDB.swift in Sources */,
				1B8452B426DF67B5003062D1 /* ContentView.swift in Sources */,
				1B8452C526DF6FD7003062D1 /* AddWordView.swift in Sources */,
				1B8452B226DF67B5003062D1 /* arabicApp.swift in Sources */,
			);
			runOnlyForDeploymentPostprocessing = 0;
		};
/* End PBXSourcesBuildPhase section */

/* Begin XCBuildConfiguration section */
		1B8452BB26DF67B7003062D1 /* Debug */ = {
			isa = XCBuildConfiguration;
			buildSettings = {
				ALWAYS_SEARCH_USER_PATHS = NO;
				CLANG_ANALYZER_NONNULL = YES;
				CLANG_ANALYZER_NUMBER_OBJECT_CONVERSION = YES_AGGRESSIVE;
				CLANG_CXX_LANGUAGE_STANDARD = "gnu++14";
				CLANG_CXX_LIBRARY = "libc++";
				CLANG_ENABLE_MODULES = YES;
				CLANG_ENABLE_OBJC_ARC = YES;
				CLANG_ENABLE_OBJC_WEAK = YES;
				CLANG_WARN_BLOCK_CAPTURE_AUTORELEASING = YES;
				CLANG_WARN_BOOL_CONVERSION = YES;
				CLANG_WARN_COMMA = YES;
				CLANG_WARN_CONSTANT_CONVERSION = YES;
				CLANG_WARN_DEPRECATED_OBJC_IMPLEMENTATIONS = YES;
				CLANG_WARN_DIRECT_OBJC_ISA_USAGE = YES_ERROR;
				CLANG_WARN_DOCUMENTATION_COMMENTS = YES;
				CLANG_WARN_EMPTY_BODY = YES;
				CLANG_WARN_ENUM_CONVERSION = YES;
				CLANG_WARN_INFINITE_RECURSION = YES;
				CLANG_WARN_INT_CONVERSION = YES;
				CLANG_WARN_NON_LITERAL_NULL_CONVERSION = YES;
				CLANG_WARN_OBJC_IMPLICIT_RETAIN_SELF = YES;
				CLANG_WARN_OBJC_LITERAL_CONVERSION = YES;
				CLANG_WARN_OBJC_ROOT_CLASS = YES_ERROR;
				CLANG_WARN_QUOTED_INCLUDE_IN_FRAMEWORK_HEADER = YES;
				CLANG_WARN_RANGE_LOOP_ANALYSIS = YES;
				CLANG_WARN_STRICT_PROTOTYPES = YES;
				CLANG_WARN_SUSPICIOUS_MOVE = YES;
				CLANG_WARN_UNGUARDED_AVAILABILITY = YES_AGGRESSIVE;
				CLANG_WARN_UNREACHABLE_CODE = YES;
				CLANG_WARN__DUPLICATE_METHOD_MATCH = YES;
				COPY_PHASE_STRIP = NO;
				DEBUG_INFORMATION_FORMAT = dwarf;
				ENABLE_STRICT_OBJC_MSGSEND = YES;
				ENABLE_TESTABILITY = YES;
				GCC_C_LANGUAGE_STANDARD = gnu11;
				GCC_DYNAMIC_NO_PIC = NO;
				GCC_NO_COMMON_BLOCKS = YES;
				GCC_OPTIMIZATION_LEVEL = 0;
				GCC_PREPROCESSOR_DEFINITIONS = (
					"DEBUG=1",
					"$(inherited)",
				);
				GCC_WARN_64_TO_32_BIT_CONVERSION = YES;
				GCC_WARN_ABOUT_RETURN_TYPE = YES_ERROR;
				GCC_WARN_UNDECLARED_SELECTOR = YES;
				GCC_WARN_UNINITIALIZED_AUTOS = YES_AGGRESSIVE;
				GCC_WARN_UNUSED_FUNCTION = YES;
				GCC_WARN_UNUSED_VARIABLE = YES;
				IPHONEOS_DEPLOYMENT_TARGET = 14.5;
				MTL_ENABLE_DEBUG_INFO = INCLUDE_SOURCE;
				MTL_FAST_MATH = YES;
				ONLY_ACTIVE_ARCH = YES;
				SDKROOT = iphoneos;
				SWIFT_ACTIVE_COMPILATION_CONDITIONS = DEBUG;
				SWIFT_OPTIMIZATION_LEVEL = "-Onone";
			};
			name = Debug;
		};
		1B8452BC26DF67B7003062D1 /* Release */ = {
			isa = XCBuildConfiguration;
			buildSettings = {
				ALWAYS_SEARCH_USER_PATHS = NO;
				CLANG_ANALYZER_NONNULL = YES;
				CLANG_ANALYZER_NUMBER_OBJECT_CONVERSION = YES_AGGRESSIVE;
				CLANG_CXX_LANGUAGE_STANDARD = "gnu++14";
				CLANG_CXX_LIBRARY = "libc++";
				CLANG_ENABLE_MODULES = YES;
				CLANG_ENABLE_OBJC_ARC = YES;
				CLANG_ENABLE_OBJC_WEAK = YES;
				CLANG_WARN_BLOCK_CAPTURE_AUTORELEASING = YES;
				CLANG_WARN_BOOL_CONVERSION = YES;
				CLANG_WARN_COMMA = YES;
				CLANG_WARN_CONSTANT_CONVERSION = YES;
				CLANG_WARN_DEPRECATED_OBJC_IMPLEMENTATIONS = YES;
				CLANG_WARN_DIRECT_OBJC_ISA_USAGE = YES_ERROR;
				CLANG_WARN_DOCUMENTATION_COMMENTS = YES;
				CLANG_WARN_EMPTY_BODY = YES;
				CLANG_WARN_ENUM_CONVERSION = YES;
				CLANG_WARN_INFINITE_RECURSION = YES;
				CLANG_WARN_INT_CONVERSION = YES;
				CLANG_WARN_NON_LITERAL_NULL_CONVERSION = YES;
				CLANG_WARN_OBJC_IMPLICIT_RETAIN_SELF = YES;
				CLANG_WARN_OBJC_LITERAL_CONVERSION = YES;
				CLANG_WARN_OBJC_ROOT_CLASS = YES_ERROR;
				CLANG_WARN_QUOTED_INCLUDE_IN_FRAMEWORK_HEADER = YES;
				CLANG_WARN_RANGE_LOOP_ANALYSIS = YES;
				CLANG_WARN_STRICT_PROTOTYPES = YES;
				CLANG_WARN_SUSPICIOUS_MOVE = YES;
				CLANG_WARN_UNGUARDED_AVAILABILITY = YES_AGGRESSIVE;
				CLANG_WARN_UNREACHABLE_CODE = YES;
				CLANG_WARN__DUPLICATE_METHOD_MATCH = YES;
				COPY_PHASE_STRIP = NO;
				DEBUG_INFORMATION_FORMAT = "dwarf-with-dsym";
				ENABLE_NS_ASSERTIONS = NO;
				ENABLE_STRICT_OBJC_MSGSEND = YES;
				GCC_C_LANGUAGE_STANDARD = gnu11;
				GCC_NO_COMMON_BLOCKS = YES;
				GCC_WARN_64_TO_32_BIT_CONVERSION = YES;
				GCC_WARN_ABOUT_RETURN_TYPE = YES_ERROR;
				GCC_WARN_UNDECLARED_SELECTOR = YES;
				GCC_WARN_UNINITIALIZED_AUTOS = YES_AGGRESSIVE;
				GCC_WARN_UNUSED_FUNCTION = YES;
				GCC_WARN_UNUSED_VARIABLE = YES;
				IPHONEOS_DEPLOYMENT_TARGET = 14.5;
				MTL_ENABLE_DEBUG_INFO = NO;
				MTL_FAST_MATH = YES;
				SDKROOT = iphoneos;
				SWIFT_COMPILATION_MODE = wholemodule;
				SWIFT_OPTIMIZATION_LEVEL = "-O";
				VALIDATE_PRODUCT = YES;
			};
			name = Release;
		};
		1B8452BE26DF67B7003062D1 /* Debug */ = {
			isa = XCBuildConfiguration;
			buildSettings = {
				ASSETCATALOG_COMPILER_APPICON_NAME = AppIcon;
				ASSETCATALOG_COMPILER_GLOBAL_ACCENT_COLOR_NAME = AccentColor;
				CODE_SIGN_STYLE = Automatic;
				DEVELOPMENT_ASSET_PATHS = "\"arabic/Preview Content\"";
				DEVELOPMENT_TEAM = Y48AZMY2V2;
				ENABLE_PREVIEWS = YES;
				INFOPLIST_FILE = arabic/Info.plist;
				IPHONEOS_DEPLOYMENT_TARGET = 14.0;
				LD_RUNPATH_SEARCH_PATHS = (
					"$(inherited)",
					"@executable_path/Frameworks",
				);
				PRODUCT_BUNDLE_IDENTIFIER = com.cjp.arabic;
				PRODUCT_NAME = "$(TARGET_NAME)";
				SWIFT_VERSION = 5.0;
				TARGETED_DEVICE_FAMILY = "1,2";
			};
			name = Debug;
		};
		1B8452BF26DF67B7003062D1 /* Release */ = {
			isa = XCBuildConfiguration;
			buildSettings = {
				ASSETCATALOG_COMPILER_APPICON_NAME = AppIcon;
				ASSETCATALOG_COMPILER_GLOBAL_ACCENT_COLOR_NAME = AccentColor;
				CODE_SIGN_STYLE = Automatic;
				DEVELOPMENT_ASSET_PATHS = "\"arabic/Preview Content\"";
				DEVELOPMENT_TEAM = Y48AZMY2V2;
				ENABLE_PREVIEWS = YES;
				INFOPLIST_FILE = arabic/Info.plist;
				IPHONEOS_DEPLOYMENT_TARGET = 14.0;
				LD_RUNPATH_SEARCH_PATHS = (
					"$(inherited)",
					"@executable_path/Frameworks",
				);
				PRODUCT_BUNDLE_IDENTIFIER = com.cjp.arabic;
				PRODUCT_NAME = "$(TARGET_NAME)";
				SWIFT_VERSION = 5.0;
				TARGETED_DEVICE_FAMILY = "1,2";
			};
			name = Release;
		};
/* End XCBuildConfiguration section */

/* Begin XCConfigurationList section */
		1B8452A926DF67B5003062D1 /* Build configuration list for PBXProject "arabic" */ = {
			isa = XCConfigurationList;
			buildConfigurations = (
				1B8452BB26DF67B7003062D1 /* Debug */,
				1B8452BC26DF67B7003062D1 /* Release */,
			);
			defaultConfigurationIsVisible = 0;
			defaultConfigurationName = Release;
		};
		1B8452BD26DF67B7003062D1 /* Build configuration list for PBXNativeTarget "arabic" */ = {
			isa = XCConfigurationList;
			buildConfigurations = (
				1B8452BE26DF67B7003062D1 /* Debug */,
				1B8452BF26DF67B7003062D1 /* Release */,
			);
			defaultConfigurationIsVisible = 0;
			defaultConfigurationName = Release;
		};
/* End XCConfigurationList section */
	};
	rootObject = 1B8452A626DF67B5003062D1 /* Project object */;
}
